{
  "nodes": {
    "cargo2nix": {
      "inputs": {
        "flake-compat": "flake-compat",
        "flake-utils": [
          "flake-utils"
        ],
        "nixpkgs": [
          "nixpkgs"
        ],
        "rust-overlay": [
          "rust-overlay"
        ]
      },
      "locked": {
        "lastModified": 1697541942,
        "narHash": "sha256-FHniiObDceR+GXZwzkt34x4V6vj4LAo/3BcpAFVmtX0=",
        "owner": "cargo2nix",
        "repo": "cargo2nix",
        "rev": "f4fecb261e2daba91978aa98629b449c641298ad",
        "type": "github"
      },
      "original": {
        "owner": "cargo2nix",
        "ref": "release-0.11.0",
        "repo": "cargo2nix",
        "type": "github"
      }
    },
    "emacs-jinx": {
      "inputs": {
        "flake-utils": [
          "flake-utils"
        ],
        "jinx-src": "jinx-src",
        "nixpkgs": [
          "nixpkgs"
        ]
      },
      "locked": {
        "lastModified": 1,
        "narHash": "sha256-PczzYQgOMb8U5J70UJtGeXdqqGbMpjacr+4qmS8ygmk=",
        "path": "./jinx",
        "type": "path"
      },
      "original": {
        "path": "./jinx",
        "type": "path"
      }
    },
    "emacs-overlay": {
      "inputs": {
        "flake-utils": [
          "flake-utils"
        ],
        "nixpkgs": [
          "nixpkgs"
        ],
        "nixpkgs-stable": "nixpkgs-stable"
      },
      "locked": {
        "lastModified": 1705714490,
        "narHash": "sha256-Vn2XjmLXOXz4YaWDr1E0YW/Mtl6D+ab4WJAOD9zPFK4=",
        "owner": "nix-community",
        "repo": "emacs-overlay",
        "rev": "fcc7bd71eadb8041dab9e97c237ae12873be627a",
        "type": "github"
      },
      "original": {
        "owner": "nix-community",
        "repo": "emacs-overlay",
        "type": "github"
      }
    },
    "emacs29-src": {
      "flake": false,
      "locked": {
        "lastModified": 1705573064,
        "narHash": "sha256-qSQmQzVyEGSr4GAI6rqnEwBvhl09D2D8MNasHqZQPL8=",
        "owner": "emacs-mirror",
        "repo": "emacs",
        "rev": "ef01b634d219bcceda17dcd61024c7a12173b88c",
        "type": "github"
      },
      "original": {
        "owner": "emacs-mirror",
        "ref": "emacs-29.2",
        "repo": "emacs",
        "type": "github"
      }
    },
    "flake-compat": {
      "flake": false,
      "locked": {
        "lastModified": 1696426674,
        "narHash": "sha256-kvjfFW7WAETZlt09AgDn1MrtKzP7t90Vf7vypd3OL1U=",
        "owner": "edolstra",
        "repo": "flake-compat",
        "rev": "0f9255e01c2351cc7d116c072cb317785dd33b33",
        "type": "github"
      },
      "original": {
        "owner": "edolstra",
        "repo": "flake-compat",
        "type": "github"
      }
    },
    "flake-utils": {
      "inputs": {
        "systems": "systems"
      },
      "locked": {
        "lastModified": 1694529238,
        "narHash": "sha256-zsNZZGTGnMOf9YpHKJqMSsa0dXbfmxeoJ7xHlrt+xmY=",
        "owner": "numtide",
        "repo": "flake-utils",
        "rev": "ff7b65b44d01cf9ba6a71320833626af21126384",
        "type": "github"
      },
      "original": {
        "owner": "numtide",
        "repo": "flake-utils",
        "type": "github"
      }
    },
    "jinx-src": {
      "flake": false,
      "locked": {
        "lastModified": 1682670429,
        "narHash": "sha256-PBXcKgOMP9yHxtKFe00n17WmKFDkwE2cNOL95Gw+Cfg=",
        "owner": "minad",
        "repo": "jinx",
        "rev": "7fced90fdaca5a482cd08b80967e0eac5ee8d885",
        "type": "github"
      },
      "original": {
        "owner": "minad",
        "ref": "0.8",
        "repo": "jinx",
        "type": "github"
      }
    },
    "nixpkgs": {
      "locked": {
        "lastModified": 1705736500,
        "narHash": "sha256-63GKAub3O5JtzcMDgidEKOU5+2jjXlhc1n8aVxv0pbk=",
        "owner": "nixos",
        "repo": "nixpkgs",
        "rev": "e31f16e3f93c25159b02627198d065ad6480c19a",
        "type": "github"
      },
      "original": {
        "owner": "nixos",
        "ref": "release-23.11",
        "repo": "nixpkgs",
        "type": "github"
      }
    },
    "nixpkgs-stable": {
      "locked": {
        "lastModified": 1705641746,
        "narHash": "sha256-D6c2aH8HQbWc7ZWSV0BUpFpd94ImFyCP8jFIsKQ4Slg=",
        "owner": "NixOS",
        "repo": "nixpkgs",
        "rev": "d2003f2223cbb8cd95134e4a0541beea215c1073",
        "type": "github"
      },
      "original": {
        "owner": "NixOS",
        "ref": "nixos-23.11",
        "repo": "nixpkgs",
        "type": "github"
      }
    },
    "root": {
      "inputs": {
        "cargo2nix": "cargo2nix",
        "emacs-jinx": "emacs-jinx",
        "emacs-overlay": "emacs-overlay",
        "emacs29-src": "emacs29-src",
        "flake-utils": "flake-utils",
        "nixpkgs": "nixpkgs",
        "rust": "rust",
        "rust-overlay": "rust-overlay"
      }
    },
    "rust": {
      "inputs": {
        "cargo2nix": [
          "cargo2nix"
        ],
        "flake-utils": [
          "flake-utils"
        ],
        "nixpkgs": [
          "nixpkgs"
        ],
        "rust-analyzer": "rust-analyzer",
        "rust-overlay": [
          "rust-overlay"
        ]
      },
      "locked": {
        "lastModified": 1,
        "narHash": "sha256-GKNkVHuGwhUQWDoWZGmNL8olCBM6NZ1uIuJFuJEnFL4=",
        "path": "./rust",
        "type": "path"
      },
      "original": {
        "path": "./rust",
        "type": "path"
      }
    },
    "rust-analyzer": {
      "inputs": {
        "cargo2nix": [
          "rust",
          "cargo2nix"
        ],
        "flake-utils": [
          "rust",
          "flake-utils"
        ],
        "nixpkgs": [
          "rust",
          "nixpkgs"
        ],
        "rust-analyzer-src": "rust-analyzer-src"
      },
      "locked": {
        "lastModified": 1,
        "narHash": "sha256-m/Hpk40v+bFLQkCgOxmJAbSa/91r+yTxmsMvrhcx4GU=",
        "path": "./rust-analyzer",
        "type": "path"
      },
      "original": {
        "path": "./rust-analyzer",
        "type": "path"
      }
    },
    "rust-analyzer-src": {
      "flake": false,
      "locked": {
        "lastModified": 1696592032,
        "narHash": "sha256-kY1temv39OjasB81KHdoMqpxh21F3kStwxE51eqViJ0=",
        "owner": "rust-lang",
        "repo": "rust-analyzer",
        "rev": "b1f89a84ab350091e6c20cfe30c2fab8d76b80e4",
        "type": "github"
      },
      "original": {
        "owner": "rust-lang",
        "repo": "rust-analyzer",
        "rev": "b1f89a84ab350091e6c20cfe30c2fab8d76b80e4",
        "type": "github"
      }
    },
    "rust-overlay": {
      "inputs": {
        "flake-utils": [
          "flake-utils"
        ],
        "nixpkgs": [
          "nixpkgs"
        ]
      },
      "locked": {
        "lastModified": 1704420966,
        "narHash": "sha256-oy7QoQ9/5ws9t+S7f4uGqURAKxMdu/CrBJPAXVpFmc0=",
        "owner": "oxalica",
        "repo": "rust-overlay",
        "rev": "9fe08ffa92ee9166c93ad34c27a4792f0c0d58a6",
        "type": "github"
      },
      "original": {
        "owner": "oxalica",
        "repo": "rust-overlay",
        "type": "github"
      }
    },
    "systems": {
      "locked": {
        "lastModified": 1681028828,
        "narHash": "sha256-Vy1rq5AaRuLzOxct8nz4T6wlgyUR7zLU309k9mBC768=",
        "owner": "nix-systems",
        "repo": "default",
        "rev": "da67096a3b9bf56a91d16901293e51ba5b49a27e",
        "type": "github"
      },
      "original": {
        "owner": "nix-systems",
        "repo": "default",
        "type": "github"
      }
    }
  },
  "root": "root",
  "version": 7
}
