{
  "nodes": {
    "cargo2nix": {
      "inputs": {
        "flake-compat": "flake-compat",
        "flake-utils": [
          "flake-utils"
        ],
        "nixpkgs": [
          "nixpkgs"
        ],
        "rust-overlay": [
          "rust-overlay"
        ]
      },
      "locked": {
        "lastModified": 1697541942,
        "narHash": "sha256-FHniiObDceR+GXZwzkt34x4V6vj4LAo/3BcpAFVmtX0=",
        "owner": "cargo2nix",
        "repo": "cargo2nix",
        "rev": "f4fecb261e2daba91978aa98629b449c641298ad",
        "type": "github"
      },
      "original": {
        "owner": "cargo2nix",
        "ref": "release-0.11.0",
        "repo": "cargo2nix",
        "type": "github"
      }
    },
    "emacs-jinx": {
      "inputs": {
        "flake-utils": [
          "flake-utils"
        ],
        "jinx-src": "jinx-src",
        "nixpkgs": [
          "nixpkgs"
        ]
      },
      "locked": {
        "lastModified": 1,
        "narHash": "sha256-PczzYQgOMb8U5J70UJtGeXdqqGbMpjacr+4qmS8ygmk=",
        "path": "./jinx",
        "type": "path"
      },
      "original": {
        "path": "./jinx",
        "type": "path"
      }
    },
    "emacs-overlay": {
      "inputs": {
        "flake-utils": [
          "flake-utils"
        ],
        "nixpkgs": [
          "nixpkgs"
        ],
        "nixpkgs-stable": "nixpkgs-stable"
      },
      "locked": {
        "lastModified": 1700793713,
        "narHash": "sha256-Y1TUGNWmp8Pm83OnpVI+QAerdltEV1gupl2fVPcSJ0E=",
        "owner": "nix-community",
        "repo": "emacs-overlay",
        "rev": "cc8840b8c004b94164b38d003581cba25bb44c99",
        "type": "github"
      },
      "original": {
        "owner": "nix-community",
        "repo": "emacs-overlay",
        "type": "github"
      }
    },
    "emacs29-src": {
      "flake": false,
      "locked": {
        "lastModified": 1690697509,
        "narHash": "sha256-3HDCwtOKvkXwSULf3W7YgTz4GV8zvYnh2RrL28qzGKg=",
        "owner": "emacs-mirror",
        "repo": "emacs",
        "rev": "a9b28224af0f73d1fe0f422e9b318c5b91af889b",
        "type": "github"
      },
      "original": {
        "owner": "emacs-mirror",
        "ref": "emacs-29.1",
        "repo": "emacs",
        "type": "github"
      }
    },
    "flake-compat": {
      "flake": false,
      "locked": {
        "lastModified": 1696426674,
        "narHash": "sha256-kvjfFW7WAETZlt09AgDn1MrtKzP7t90Vf7vypd3OL1U=",
        "owner": "edolstra",
        "repo": "flake-compat",
        "rev": "0f9255e01c2351cc7d116c072cb317785dd33b33",
        "type": "github"
      },
      "original": {
        "owner": "edolstra",
        "repo": "flake-compat",
        "type": "github"
      }
    },
    "flake-utils": {
      "inputs": {
        "systems": "systems"
      },
      "locked": {
        "lastModified": 1694529238,
        "narHash": "sha256-zsNZZGTGnMOf9YpHKJqMSsa0dXbfmxeoJ7xHlrt+xmY=",
        "owner": "numtide",
        "repo": "flake-utils",
        "rev": "ff7b65b44d01cf9ba6a71320833626af21126384",
        "type": "github"
      },
      "original": {
        "owner": "numtide",
        "repo": "flake-utils",
        "type": "github"
      }
    },
    "jinx-src": {
      "flake": false,
      "locked": {
        "lastModified": 1682670429,
        "narHash": "sha256-PBXcKgOMP9yHxtKFe00n17WmKFDkwE2cNOL95Gw+Cfg=",
        "owner": "minad",
        "repo": "jinx",
        "rev": "7fced90fdaca5a482cd08b80967e0eac5ee8d885",
        "type": "github"
      },
      "original": {
        "owner": "minad",
        "ref": "0.8",
        "repo": "jinx",
        "type": "github"
      }
    },
    "nixpkgs": {
      "locked": {
        "lastModified": 1700200546,
        "narHash": "sha256-KK9uSx+qaoyF8VZDq4pED72AW4qTTwkL1lm0AN3ibFA=",
        "owner": "nixos",
        "repo": "nixpkgs",
        "rev": "2af91613c61e71b278ee156099f9390447490e43",
        "type": "github"
      },
      "original": {
        "owner": "nixos",
        "ref": "release-23.05",
        "repo": "nixpkgs",
        "type": "github"
      }
    },
    "nixpkgs-stable": {
      "locked": {
        "lastModified": 1700678569,
        "narHash": "sha256-2Ki+2UvOidxEb3xB4ADqlbPQ2BZOF4uZMR094O8or2I=",
        "owner": "NixOS",
        "repo": "nixpkgs",
        "rev": "8f1180704ac35baded1a74164365ac7cdfba6f38",
        "type": "github"
      },
      "original": {
        "owner": "NixOS",
        "ref": "nixos-23.05",
        "repo": "nixpkgs",
        "type": "github"
      }
    },
    "root": {
      "inputs": {
        "cargo2nix": "cargo2nix",
        "emacs-jinx": "emacs-jinx",
        "emacs-overlay": "emacs-overlay",
        "emacs29-src": "emacs29-src",
        "flake-utils": "flake-utils",
        "nixpkgs": "nixpkgs",
        "rust": "rust",
        "rust-overlay": "rust-overlay"
      }
    },
    "rust": {
      "inputs": {
        "cargo2nix": [
          "cargo2nix"
        ],
        "flake-utils": [
          "flake-utils"
        ],
        "nixpkgs": [
          "nixpkgs"
        ],
        "rust-analyzer": "rust-analyzer",
        "rust-overlay": [
          "rust-overlay"
        ]
      },
      "locked": {
        "lastModified": 1,
        "narHash": "sha256-SSm9RO1yiask0ny4A/2ojbSsUtgopsVCK2Rq5VryAmc=",
        "path": "./rust",
        "type": "path"
      },
      "original": {
        "path": "./rust",
        "type": "path"
      }
    },
    "rust-analyzer": {
      "inputs": {
        "cargo2nix": [
          "rust",
          "cargo2nix"
        ],
        "flake-utils": [
          "rust",
          "flake-utils"
        ],
        "nixpkgs": [
          "rust",
          "nixpkgs"
        ],
        "rust-analyzer-src": "rust-analyzer-src"
      },
      "locked": {
        "lastModified": 1,
        "narHash": "sha256-m/Hpk40v+bFLQkCgOxmJAbSa/91r+yTxmsMvrhcx4GU=",
        "path": "./rust-analyzer",
        "type": "path"
      },
      "original": {
        "path": "./rust-analyzer",
        "type": "path"
      }
    },
    "rust-analyzer-src": {
      "flake": false,
      "locked": {
        "lastModified": 1696592032,
        "narHash": "sha256-kY1temv39OjasB81KHdoMqpxh21F3kStwxE51eqViJ0=",
        "owner": "rust-lang",
        "repo": "rust-analyzer",
        "rev": "b1f89a84ab350091e6c20cfe30c2fab8d76b80e4",
        "type": "github"
      },
      "original": {
        "owner": "rust-lang",
        "repo": "rust-analyzer",
        "rev": "b1f89a84ab350091e6c20cfe30c2fab8d76b80e4",
        "type": "github"
      }
    },
    "rust-overlay": {
      "inputs": {
        "flake-utils": [
          "flake-utils"
        ],
        "nixpkgs": [
          "nixpkgs"
        ]
      },
      "locked": {
        "lastModified": 1698545594,
        "narHash": "sha256-Bf0UKNXBOg1OWe3GkfUNKpAlihiuuhcyzPDcMfJvUOg=",
        "owner": "oxalica",
        "repo": "rust-overlay",
        "rev": "66eb7c2fb4597c94e66a4124ee77d9827e46c14f",
        "type": "github"
      },
      "original": {
        "owner": "oxalica",
        "repo": "rust-overlay",
        "type": "github"
      }
    },
    "systems": {
      "locked": {
        "lastModified": 1681028828,
        "narHash": "sha256-Vy1rq5AaRuLzOxct8nz4T6wlgyUR7zLU309k9mBC768=",
        "owner": "nix-systems",
        "repo": "default",
        "rev": "da67096a3b9bf56a91d16901293e51ba5b49a27e",
        "type": "github"
      },
      "original": {
        "owner": "nix-systems",
        "repo": "default",
        "type": "github"
      }
    }
  },
  "root": "root",
  "version": 7
}
