{
  "nodes": {
    "emacs-igc-src": {
      "flake": false,
      "locked": {
        "lastModified": 1737188950,
        "narHash": "sha256-pd8aTzremsn/rY2fMTAb8Y2G/Lx/hhn9GsG4AFPvbAU=",
        "owner": "emacs-mirror",
        "repo": "emacs",
        "rev": "ef194a1e0e96f91dc7a57efcdf8a81ed716d18e0",
        "type": "github"
      },
      "original": {
        "owner": "emacs-mirror",
        "ref": "feature/igc",
        "repo": "emacs",
        "type": "github"
      }
    },
    "emacs-jinx": {
      "inputs": {
        "flake-utils": [
          "flake-utils"
        ],
        "jinx-src": [
          "jinx-src"
        ],
        "korean-hunspell-src": "korean-hunspell-src",
        "nixpkgs": [
          "nixpkgs"
        ]
      },
      "locked": {
        "lastModified": 1,
        "narHash": "sha256-18xZ5wBLOXkDmkFPEUNw+fR4DlH3o+6okwjoGYli3hs=",
        "path": "./jinx",
        "type": "path"
      },
      "original": {
        "path": "./jinx",
        "type": "path"
      }
    },
    "emacs-overlay": {
      "inputs": {
        "flake-utils": [
          "flake-utils"
        ],
        "nixpkgs": [
          "nixpkgs"
        ],
        "nixpkgs-stable": "nixpkgs-stable"
      },
      "locked": {
        "lastModified": 1729300482,
        "narHash": "sha256-yX0wijy9mDtE55XKOlv132fvtySHmmUWaFljgOMzw1k=",
        "owner": "nix-community",
        "repo": "emacs-overlay",
        "rev": "6a395318b684197b6bc210d0c174c97034248a95",
        "type": "github"
      },
      "original": {
        "owner": "nix-community",
        "repo": "emacs-overlay",
        "type": "github"
      }
    },
    "flake-utils": {
      "inputs": {
        "systems": "systems"
      },
      "locked": {
        "lastModified": 1710146030,
        "narHash": "sha256-SZ5L6eA7HJ/nmkzGG7/ISclqe6oZdOZTNoesiInkXPQ=",
        "owner": "numtide",
        "repo": "flake-utils",
        "rev": "b1d9ab70662946ef0850d488da1c9019f3a9752a",
        "type": "github"
      },
      "original": {
        "owner": "numtide",
        "repo": "flake-utils",
        "type": "github"
      }
    },
    "jinx-src": {
      "flake": false,
      "locked": {
        "lastModified": 1738048052,
        "narHash": "sha256-b+hWDJ70LmXILP+8o+6RNa0q+N4XOZNHOklg1xfvtrM=",
        "owner": "minad",
        "repo": "jinx",
        "rev": "2144d03f7bcc3f461b4e67f913dfc0055e4ad7e2",
        "type": "github"
      },
      "original": {
        "owner": "minad",
        "ref": "1.12",
        "repo": "jinx",
        "type": "github"
      }
    },
    "korean-hunspell-src": {
      "flake": false,
      "locked": {
        "lastModified": 1707669774,
        "narHash": "sha256-I44tOUYNCVnz4y/Ic4UHcGFM+J3KbNkhEha1+6EvwaY=",
        "owner": "spellcheck-ko",
        "repo": "hunspell-dict-ko",
        "rev": "606164264399ca037325bd41750f9c108ed4c290",
        "type": "github"
      },
      "original": {
        "owner": "spellcheck-ko",
        "repo": "hunspell-dict-ko",
        "type": "github"
      }
    },
    "nixpkgs": {
      "locked": {
        "lastModified": 1729293466,
        "narHash": "sha256-spbxC7Q4w6IwD1zIb2iC+M3vHsBgBARhYsIA0y5O9K0=",
        "owner": "nixos",
        "repo": "nixpkgs",
        "rev": "496999009d053ec663854deb9e28f8600c38de99",
        "type": "github"
      },
      "original": {
        "owner": "nixos",
        "ref": "release-24.05",
        "repo": "nixpkgs",
        "type": "github"
      }
    },
    "nixpkgs-stable": {
      "locked": {
        "lastModified": 1729181673,
        "narHash": "sha256-LDiPhQ3l+fBjRATNtnuDZsBS7hqoBtPkKBkhpoBHv3I=",
        "owner": "NixOS",
        "repo": "nixpkgs",
        "rev": "4eb33fe664af7b41a4c446f87d20c9a0a6321fa3",
        "type": "github"
      },
      "original": {
        "owner": "NixOS",
        "ref": "nixos-24.05",
        "repo": "nixpkgs",
        "type": "github"
      }
    },
    "root": {
      "inputs": {
        "emacs-igc-src": "emacs-igc-src",
        "emacs-jinx": "emacs-jinx",
        "emacs-overlay": "emacs-overlay",
        "flake-utils": "flake-utils",
        "jinx-src": "jinx-src",
        "nixpkgs": "nixpkgs"
      }
    },
    "systems": {
      "locked": {
        "lastModified": 1681028828,
        "narHash": "sha256-Vy1rq5AaRuLzOxct8nz4T6wlgyUR7zLU309k9mBC768=",
        "owner": "nix-systems",
        "repo": "default",
        "rev": "da67096a3b9bf56a91d16901293e51ba5b49a27e",
        "type": "github"
      },
      "original": {
        "owner": "nix-systems",
        "repo": "default",
        "type": "github"
      }
    }
  },
  "root": "root",
  "version": 7
}
