{
  "nodes": {
    "emacs-vterm-src": {
      "flake": false,
      "locked": {
        "lastModified": 1631083259,
        "narHash": "sha256-+fl1GUCpAZBOvgMd3akF9EMirp1/K+JyRq0TWKSDeJw=",
        "owner": "akermu",
        "repo": "emacs-libvterm",
        "rev": "2681120b770573044832ba8c22ccbac192e1a294",
        "type": "github"
      },
      "original": {
        "owner": "akermu",
        "repo": "emacs-libvterm",
        "rev": "2681120b770573044832ba8c22ccbac192e1a294",
        "type": "github"
      }
    },
    "flake-compat": {
      "flake": false,
      "locked": {
        "lastModified": 1650374568,
        "narHash": "sha256-Z+s0J8/r907g149rllvwhb4pKi8Wam5ij0st8PwAh+E=",
        "owner": "edolstra",
        "repo": "flake-compat",
        "rev": "b4a34015c698c7793d592d66adbab377907a2be8",
        "type": "github"
      },
      "original": {
        "owner": "edolstra",
        "repo": "flake-compat",
        "type": "github"
      }
    },
    "flake-utils": {
      "locked": {
        "lastModified": 1667077288,
        "narHash": "sha256-bdC8sFNDpT0HK74u9fUkpbf1MEzVYJ+ka7NXCdgBoaA=",
        "owner": "numtide",
        "repo": "flake-utils",
        "rev": "6ee9ebb6b1ee695d2cacc4faa053a7b9baa76817",
        "type": "github"
      },
      "original": {
        "owner": "numtide",
        "repo": "flake-utils",
        "type": "github"
      }
    },
    "nixpkgs": {
      "locked": {
        "lastModified": 1667327283,
        "narHash": "sha256-XEMEmRwv0lrhV8OFn1+dsEJovTDmn94zEjfxMfAoLIc=",
        "owner": "nixos",
        "repo": "nixpkgs",
        "rev": "c9a1090e19f93cb30c205682aab2d0989f8de91f",
        "type": "github"
      },
      "original": {
        "owner": "nixos",
        "ref": "release-22.05",
        "repo": "nixpkgs",
        "type": "github"
      }
    },
    "root": {
      "inputs": {
        "emacs-vterm-src": "emacs-vterm-src",
        "flake-compat": "flake-compat",
        "flake-utils": "flake-utils",
        "nixpkgs": "nixpkgs"
      }
    }
  },
  "root": "root",
  "version": 7
}
