{
  "nodes": {
    "flake-utils": {
      "inputs": {
        "systems": "systems"
      },
      "locked": {
        "lastModified": 1731533236,
        "narHash": "sha256-l0KFg5HjrsfsO/JpG+r7fRrqm12kzFHyUHqHCVpMMbI=",
        "owner": "numtide",
        "repo": "flake-utils",
        "rev": "11707dc2f618dd54ca8739b309ec4fc024de578b",
        "type": "github"
      },
      "original": {
        "owner": "numtide",
        "repo": "flake-utils",
        "type": "github"
      }
    },
    "jinx-src": {
      "flake": false,
      "locked": {
        "lastModified": 1753670715,
        "narHash": "sha256-XDZAJnjo48VuyWM8E8RC21ykgDplvGMNqARG/1uS9Z4=",
        "owner": "minad",
        "repo": "jinx",
        "rev": "214d98c18c01897eab108a880b18aa3b64632a03",
        "type": "github"
      },
      "original": {
        "owner": "minad",
        "ref": "2.3",
        "repo": "jinx",
        "type": "github"
      }
    },
    "korean-hunspell-src": {
      "flake": false,
      "locked": {
        "lastModified": 1707669774,
        "narHash": "sha256-I44tOUYNCVnz4y/Ic4UHcGFM+J3KbNkhEha1+6EvwaY=",
        "owner": "spellcheck-ko",
        "repo": "hunspell-dict-ko",
        "rev": "606164264399ca037325bd41750f9c108ed4c290",
        "type": "github"
      },
      "original": {
        "owner": "spellcheck-ko",
        "repo": "hunspell-dict-ko",
        "type": "github"
      }
    },
    "nixpkgs": {
      "locked": {
        "lastModified": 1735651292,
        "narHash": "sha256-YLbzcBtYo1/FEzFsB3AnM16qFc6fWPMIoOuSoDwvg9g=",
        "owner": "nixos",
        "repo": "nixpkgs",
        "rev": "0da3c44a9460a26d2025ec3ed2ec60a895eb1114",
        "type": "github"
      },
      "original": {
        "owner": "nixos",
        "ref": "release-24.05",
        "repo": "nixpkgs",
        "type": "github"
      }
    },
    "root": {
      "inputs": {
        "flake-utils": "flake-utils",
        "jinx-src": "jinx-src",
        "korean-hunspell-src": "korean-hunspell-src",
        "nixpkgs": "nixpkgs"
      }
    },
    "systems": {
      "locked": {
        "lastModified": 1681028828,
        "narHash": "sha256-Vy1rq5AaRuLzOxct8nz4T6wlgyUR7zLU309k9mBC768=",
        "owner": "nix-systems",
        "repo": "default",
        "rev": "da67096a3b9bf56a91d16901293e51ba5b49a27e",
        "type": "github"
      },
      "original": {
        "owner": "nix-systems",
        "repo": "default",
        "type": "github"
      }
    }
  },
  "root": "root",
  "version": 7
}
